version = 1
revision = 2
requires-python = ">=3.10.5"
resolution-markers = [
    "python_full_version >= '3.10.9'",
    "python_full_version < '3.10.9'",
]

[[package]]
name = "click"
version = "8.2.1"
source = { registry = "https://pypi.org/simple" }
dependencies = [
    { name = "colorama", marker = "sys_platform == 'win32'" },
]
sdist = { url = "https://files.pythonhosted.org/packages/60/6c/8ca2efa64cf75a977a0d7fac081354553ebe483345c734fb6b6515d96bbc/click-8.2.1.tar.gz", hash = "sha256:27c491cc05d968d271d5a1db13e3b5a184636d9d930f148c50b038f0d0646202", size = 286342, upload_time = "2025-05-20T23:19:49.832Z" }
wheels = [
    { url = "https://files.pythonhosted.org/packages/85/32/10bb5764d90a8eee674e9dc6f4db6a0ab47c8c4d0d83c27f7c39ac415a4d/click-8.2.1-py3-none-any.whl", hash = "sha256:61a3265b914e850b85317d0b3109c7f8cd35a670f963866005d6ef1d5175a12b", size = 102215, upload_time = "2025-05-20T23:19:47.796Z" },
]

[[package]]
name = "colorama"
version = "0.4.6"
source = { registry = "https://pypi.org/simple" }
sdist = { url = "https://files.pythonhosted.org/packages/d8/53/6f443c9a4a8358a93a6792e2acffb9d9d5cb0a5cfd8802644b7b1c9a02e4/colorama-0.4.6.tar.gz", hash = "sha256:08695f5cb7ed6e0531a20572697297273c47b8cae5a63ffc6d6ed5c201be6e44", size = 27697, upload_time = "2022-10-25T02:36:22.414Z" }
wheels = [
    { url = "https://files.pythonhosted.org/packages/d1/d6/3965ed04c63042e047cb6a3e6ed1a63a35087b6a609aa3a15ed8ac56c221/colorama-0.4.6-py2.py3-none-any.whl", hash = "sha256:4f1d9991f5acc0ca119f9d443620b77f9d6b33703e51011c16baf57afb285fc6", size = 25335, upload_time = "2022-10-25T02:36:20.889Z" },
]

[[package]]
name = "deptry"
version = "0.23.1"
source = { registry = "https://pypi.org/simple" }
dependencies = [
    { name = "click" },
    { name = "colorama", marker = "sys_platform == 'win32'" },
    { name = "packaging" },
    { name = "requirements-parser" },
    { name = "tomli", marker = "python_full_version < '3.11'" },
]
sdist = { url = "https://files.pythonhosted.org/packages/a3/31/3e2f4a9b43bd807b28a49d673b9b5f8dcc7265d43950b24e875ba90e6205/deptry-0.23.1.tar.gz", hash = "sha256:5d23e0ef25f3c56405c05383a476edda55944563c5c47a3e9249ed3ec860d382", size = 460016, upload_time = "2025-07-31T05:54:49.681Z" }
wheels = [
    { url = "https://files.pythonhosted.org/packages/cb/d0/9785c0e7fdab12f5324467d70ba65ad03b9d4071a13fc182b6d98bab6208/deptry-0.23.1-cp39-abi3-macosx_10_12_x86_64.whl", hash = "sha256:f0b231d098fb5b48d8973c9f192c353ffdd395770063424969fa7f15ddfea7d8", size = 1768731, upload_time = "2025-07-31T05:54:47.348Z" },
    { url = "https://files.pythonhosted.org/packages/c5/4b/46aded35e0de153936b2214e49e5935179eed9f23cbd3a9a0cd9a5ab0abd/deptry-0.23.1-cp39-abi3-macosx_11_0_arm64.whl", hash = "sha256:bf057f514bb2fa18a2b192a7f7372bd14577ff46b11486933e8383dfef461983", size = 1667240, upload_time = "2025-07-31T05:54:43.956Z" },
    { url = "https://files.pythonhosted.org/packages/ef/f7/206330f68280a1af7edb8bea87f383dbaa4e3b02b37199d40f86e4c43048/deptry-0.23.1-cp39-abi3-manylinux_2_17_aarch64.manylinux2014_aarch64.whl", hash = "sha256:1ee3f5663bb1c048e2aaf25a4d9e6d09cc1f3b3396ee248980878c6a6c9c0e21", size = 1772019, upload_time = "2025-07-31T05:54:31.165Z" },
    { url = "https://files.pythonhosted.org/packages/c5/80/51a9e94349b47013e2fd78fd221b12202a7866cd2e0882cfd87d63055e88/deptry-0.23.1-cp39-abi3-manylinux_2_17_x86_64.manylinux2014_x86_64.whl", hash = "sha256:ae0366dc5f50a5fb29cf90de1110c5e368513de6c1b2dac439f2817f3f752616", size = 1855973, upload_time = "2025-07-31T05:54:37.733Z" },
    { url = "https://files.pythonhosted.org/packages/d5/7a/bff10ddd26ce39c56a9a35bdc98fcf44c2befe5954c8da4bb895e3f750bb/deptry-0.23.1-cp39-abi3-musllinux_1_1_aarch64.whl", hash = "sha256:ab156a90a9eda5819aeb1c1da585dd4d5ec509029399a38771a49e78f40db90f", size = 1946957, upload_time = "2025-07-31T05:54:34.567Z" },
    { url = "https://files.pythonhosted.org/packages/7e/b6/c80b190cbd817d1f75f8d02d4b6f4d430b2f3014a09d3895684e291e473b/deptry-0.23.1-cp39-abi3-musllinux_1_1_x86_64.whl", hash = "sha256:651c7eb168233755152fcc468713c024d64a03069645187edb4a17ba61ce6133", size = 2025282, upload_time = "2025-07-31T05:54:40.906Z" },
    { url = "https://files.pythonhosted.org/packages/3c/58/1dfb7a6c4ec2daf123264d2c30f53f45791fee46cd0244be5bf97597d2aa/deptry-0.23.1-cp39-abi3-win_amd64.whl", hash = "sha256:8da1e8f70e7086ebc228f3a4a3cfb5aa127b09b5eef60d694503d6bb79809025", size = 1631377, upload_time = "2025-07-31T05:54:51.951Z" },
    { url = "https://files.pythonhosted.org/packages/18/d3/667b974cf42fc50245a8028beb9966643ee214ca567cc6df6e876feca5ed/deptry-0.23.1-cp39-abi3-win_arm64.whl", hash = "sha256:f589497a5809717db4dcf2aa840f2847c0a4c489331608e538850b6a9ab1c30b", size = 1551113, upload_time = "2025-07-31T05:54:50.679Z" },
    { url = "https://files.pythonhosted.org/packages/1a/9f/94f582b1134ce7b5bb1ddacc6d421294064c74451744cebdf7acd009c545/deptry-0.23.1-pp310-pypy310_pp73-macosx_10_12_x86_64.whl", hash = "sha256:6af91d86380ef703adb6ae65f273d88e3cca7fd315c4c309da857a0cfa728244", size = 1768259, upload_time = "2025-07-31T05:54:48.529Z" },
    { url = "https://files.pythonhosted.org/packages/5b/e7/07f43e87e3eef96d1ddd52610de2b125f8a562f7585be027f2f1d4fff03d/deptry-0.23.1-pp310-pypy310_pp73-macosx_11_0_arm64.whl", hash = "sha256:42a249d317c3128c286035a1f7aaa41a0c3c967f17848817c2e07ca50d5ed450", size = 1667238, upload_time = "2025-07-31T05:54:45.675Z" },
    { url = "https://files.pythonhosted.org/packages/80/4f/4ae155a301fdeddfde724540495bb359774065947cbd4ce31b62cf23719e/deptry-0.23.1-pp310-pypy310_pp73-manylinux_2_17_aarch64.manylinux2014_aarch64.whl", hash = "sha256:d988c7c75201997970bae1e8d564b4c7a14d350556c4f7c269fd33f3b081c314", size = 1771347, upload_time = "2025-07-31T05:54:33.254Z" },
    { url = "https://files.pythonhosted.org/packages/ea/7d/3e2ee4de068a72a960dddb985d9a0198d3c7db261d7cd6ea8bb967161068/deptry-0.23.1-pp310-pypy310_pp73-manylinux_2_17_x86_64.manylinux2014_x86_64.whl", hash = "sha256:ae13d8e65ae88b77632c45edb4038301a6f9efcac06715abfde9a029e5879698", size = 1855446, upload_time = "2025-07-31T05:54:39.418Z" },
    { url = "https://files.pythonhosted.org/packages/14/35/018016d88c6602755a75cbb9013c5822f4bacf329a501b638365351f3e44/deptry-0.23.1-pp310-pypy310_pp73-musllinux_1_1_aarch64.whl", hash = "sha256:40058a7a3fe9dacb745668897ee992e58daf5aac406b668ff2eaaf0f6f586550", size = 1946581, upload_time = "2025-07-31T05:54:36.206Z" },
    { url = "https://files.pythonhosted.org/packages/90/d0/ee75b72ffdebe73ef6a8e1d3960cbdabecd39358516592c1b17ea65f1e98/deptry-0.23.1-pp310-pypy310_pp73-musllinux_1_1_x86_64.whl", hash = "sha256:d111cf4261eeadbdb20051d8d542f04deb3cfced0cb280ece8d654f7f6055921", size = 2024895, upload_time = "2025-07-31T05:54:42.178Z" },
    { url = "https://files.pythonhosted.org/packages/32/72/ac643d909da2e50b1fb78143591079f21649f60572d8224be4ba4d795c2c/deptry-0.23.1-pp310-pypy310_pp73-win_amd64.whl", hash = "sha256:9f9bbb92f95ada9ccfa5ecefee05ba3c39cfa0734b5483a3a1a3c4eeb9c99054", size = 1631828, upload_time = "2025-07-31T05:54:53.486Z" },
]

[[package]]
name = "nina-python-template"
version = "0.2.5"
source = { virtual = "." }

[package.dev-dependencies]
dev = [
    { name = "deptry" },
]

[package.metadata]

[package.metadata.requires-dev]
dev = [{ name = "deptry" }]

[[package]]
name = "packaging"
version = "25.0"
source = { registry = "https://pypi.org/simple" }
sdist = { url = "https://files.pythonhosted.org/packages/a1/d4/1fc4078c65507b51b96ca8f8c3ba19e6a61c8253c72794544580a7b6c24d/packaging-25.0.tar.gz", hash = "sha256:d443872c98d677bf60f6a1f2f8c1cb748e8fe762d2bf9d3148b5599295b0fc4f", size = 165727, upload_time = "2025-04-19T11:48:59.673Z" }
wheels = [
    { url = "https://files.pythonhosted.org/packages/20/12/38679034af332785aac8774540895e234f4d07f7545804097de4b666afd8/packaging-25.0-py3-none-any.whl", hash = "sha256:29572ef2b1f17581046b3a2227d5c611fb25ec70ca1ba8554b24b0e69331a484", size = 66469, upload_time = "2025-04-19T11:48:57.875Z" },
]

[[package]]
name = "requirements-parser"
version = "0.13.0"
source = { registry = "https://pypi.org/simple" }
dependencies = [
    { name = "packaging" },
]
sdist = { url = "https://files.pythonhosted.org/packages/95/96/fb6dbfebb524d5601d359a47c78fe7ba1eef90fc4096404aa60c9a906fbb/requirements_parser-0.13.0.tar.gz", hash = "sha256:0843119ca2cb2331de4eb31b10d70462e39ace698fd660a915c247d2301a4418", size = 22630, upload_time = "2025-05-21T13:42:05.464Z" }
wheels = [
    { url = "https://files.pythonhosted.org/packages/bd/60/50fbb6ffb35f733654466f1a90d162bcbea358adc3b0871339254fbc37b2/requirements_parser-0.13.0-py3-none-any.whl", hash = "sha256:2b3173faecf19ec5501971b7222d38f04cb45bb9d87d0ad629ca71e2e62ded14", size = 14782, upload_time = "2025-05-21T13:42:04.007Z" },
]

[[package]]
name = "tomli"
version = "2.2.1"
source = { registry = "https://pypi.org/simple" }
sdist = { url = "https://files.pythonhosted.org/packages/18/87/302344fed471e44a87289cf4967697d07e532f2421fdaf868a303cbae4ff/tomli-2.2.1.tar.gz", hash = "sha256:cd45e1dc79c835ce60f7404ec8119f2eb06d38b1deba146f07ced3bbc44505ff", size = 17175, upload_time = "2024-11-27T22:38:36.873Z" }
wheels = [
    { url = "https://files.pythonhosted.org/packages/43/ca/75707e6efa2b37c77dadb324ae7d9571cb424e61ea73fad7c56c2d14527f/tomli-2.2.1-cp311-cp311-macosx_10_9_x86_64.whl", hash = "sha256:678e4fa69e4575eb77d103de3df8a895e1591b48e740211bd1067378c69e8249", size = 131077, upload_time = "2024-11-27T22:37:54.956Z" },
    { url = "https://files.pythonhosted.org/packages/c7/16/51ae563a8615d472fdbffc43a3f3d46588c264ac4f024f63f01283becfbb/tomli-2.2.1-cp311-cp311-macosx_11_0_arm64.whl", hash = "sha256:023aa114dd824ade0100497eb2318602af309e5a55595f76b626d6d9f3b7b0a6", size = 123429, upload_time = "2024-11-27T22:37:56.698Z" },
    { url = "https://files.pythonhosted.org/packages/f1/dd/4f6cd1e7b160041db83c694abc78e100473c15d54620083dbd5aae7b990e/tomli-2.2.1-cp311-cp311-manylinux_2_17_aarch64.manylinux2014_aarch64.whl", hash = "sha256:ece47d672db52ac607a3d9599a9d48dcb2f2f735c6c2d1f34130085bb12b112a", size = 226067, upload_time = "2024-11-27T22:37:57.63Z" },
    { url = "https://files.pythonhosted.org/packages/a9/6b/c54ede5dc70d648cc6361eaf429304b02f2871a345bbdd51e993d6cdf550/tomli-2.2.1-cp311-cp311-manylinux_2_17_x86_64.manylinux2014_x86_64.whl", hash = "sha256:6972ca9c9cc9f0acaa56a8ca1ff51e7af152a9f87fb64623e31d5c83700080ee", size = 236030, upload_time = "2024-11-27T22:37:59.344Z" },
    { url = "https://files.pythonhosted.org/packages/1f/47/999514fa49cfaf7a92c805a86c3c43f4215621855d151b61c602abb38091/tomli-2.2.1-cp311-cp311-manylinux_2_5_i686.manylinux1_i686.manylinux_2_17_i686.manylinux2014_i686.whl", hash = "sha256:c954d2250168d28797dd4e3ac5cf812a406cd5a92674ee4c8f123c889786aa8e", size = 240898, upload_time = "2024-11-27T22:38:00.429Z" },
    { url = "https://files.pythonhosted.org/packages/73/41/0a01279a7ae09ee1573b423318e7934674ce06eb33f50936655071d81a24/tomli-2.2.1-cp311-cp311-musllinux_1_2_aarch64.whl", hash = "sha256:8dd28b3e155b80f4d54beb40a441d366adcfe740969820caf156c019fb5c7ec4", size = 229894, upload_time = "2024-11-27T22:38:02.094Z" },
    { url = "https://files.pythonhosted.org/packages/55/18/5d8bc5b0a0362311ce4d18830a5d28943667599a60d20118074ea1b01bb7/tomli-2.2.1-cp311-cp311-musllinux_1_2_i686.whl", hash = "sha256:e59e304978767a54663af13c07b3d1af22ddee3bb2fb0618ca1593e4f593a106", size = 245319, upload_time = "2024-11-27T22:38:03.206Z" },
    { url = "https://files.pythonhosted.org/packages/92/a3/7ade0576d17f3cdf5ff44d61390d4b3febb8a9fc2b480c75c47ea048c646/tomli-2.2.1-cp311-cp311-musllinux_1_2_x86_64.whl", hash = "sha256:33580bccab0338d00994d7f16f4c4ec25b776af3ffaac1ed74e0b3fc95e885a8", size = 238273, upload_time = "2024-11-27T22:38:04.217Z" },
    { url = "https://files.pythonhosted.org/packages/72/6f/fa64ef058ac1446a1e51110c375339b3ec6be245af9d14c87c4a6412dd32/tomli-2.2.1-cp311-cp311-win32.whl", hash = "sha256:465af0e0875402f1d226519c9904f37254b3045fc5084697cefb9bdde1ff99ff", size = 98310, upload_time = "2024-11-27T22:38:05.908Z" },
    { url = "https://files.pythonhosted.org/packages/6a/1c/4a2dcde4a51b81be3530565e92eda625d94dafb46dbeb15069df4caffc34/tomli-2.2.1-cp311-cp311-win_amd64.whl", hash = "sha256:2d0f2fdd22b02c6d81637a3c95f8cd77f995846af7414c5c4b8d0545afa1bc4b", size = 108309, upload_time = "2024-11-27T22:38:06.812Z" },
    { url = "https://files.pythonhosted.org/packages/52/e1/f8af4c2fcde17500422858155aeb0d7e93477a0d59a98e56cbfe75070fd0/tomli-2.2.1-cp312-cp312-macosx_10_13_x86_64.whl", hash = "sha256:4a8f6e44de52d5e6c657c9fe83b562f5f4256d8ebbfe4ff922c495620a7f6cea", size = 132762, upload_time = "2024-11-27T22:38:07.731Z" },
    { url = "https://files.pythonhosted.org/packages/03/b8/152c68bb84fc00396b83e7bbddd5ec0bd3dd409db4195e2a9b3e398ad2e3/tomli-2.2.1-cp312-cp312-macosx_11_0_arm64.whl", hash = "sha256:8d57ca8095a641b8237d5b079147646153d22552f1c637fd3ba7f4b0b29167a8", size = 123453, upload_time = "2024-11-27T22:38:09.384Z" },
    { url = "https://files.pythonhosted.org/packages/c8/d6/fc9267af9166f79ac528ff7e8c55c8181ded34eb4b0e93daa767b8841573/tomli-2.2.1-cp312-cp312-manylinux_2_17_aarch64.manylinux2014_aarch64.whl", hash = "sha256:4e340144ad7ae1533cb897d406382b4b6fede8890a03738ff1683af800d54192", size = 233486, upload_time = "2024-11-27T22:38:10.329Z" },
    { url = "https://files.pythonhosted.org/packages/5c/51/51c3f2884d7bab89af25f678447ea7d297b53b5a3b5730a7cb2ef6069f07/tomli-2.2.1-cp312-cp312-manylinux_2_17_x86_64.manylinux2014_x86_64.whl", hash = "sha256:db2b95f9de79181805df90bedc5a5ab4c165e6ec3fe99f970d0e302f384ad222", size = 242349, upload_time = "2024-11-27T22:38:11.443Z" },
    { url = "https://files.pythonhosted.org/packages/ab/df/bfa89627d13a5cc22402e441e8a931ef2108403db390ff3345c05253935e/tomli-2.2.1-cp312-cp312-manylinux_2_5_i686.manylinux1_i686.manylinux_2_17_i686.manylinux2014_i686.whl", hash = "sha256:40741994320b232529c802f8bc86da4e1aa9f413db394617b9a256ae0f9a7f77", size = 252159, upload_time = "2024-11-27T22:38:13.099Z" },
    { url = "https://files.pythonhosted.org/packages/9e/6e/fa2b916dced65763a5168c6ccb91066f7639bdc88b48adda990db10c8c0b/tomli-2.2.1-cp312-cp312-musllinux_1_2_aarch64.whl", hash = "sha256:400e720fe168c0f8521520190686ef8ef033fb19fc493da09779e592861b78c6", size = 237243, upload_time = "2024-11-27T22:38:14.766Z" },
    { url = "https://files.pythonhosted.org/packages/b4/04/885d3b1f650e1153cbb93a6a9782c58a972b94ea4483ae4ac5cedd5e4a09/tomli-2.2.1-cp312-cp312-musllinux_1_2_i686.whl", hash = "sha256:02abe224de6ae62c19f090f68da4e27b10af2b93213d36cf44e6e1c5abd19fdd", size = 259645, upload_time = "2024-11-27T22:38:15.843Z" },
    { url = "https://files.pythonhosted.org/packages/9c/de/6b432d66e986e501586da298e28ebeefd3edc2c780f3ad73d22566034239/tomli-2.2.1-cp312-cp312-musllinux_1_2_x86_64.whl", hash = "sha256:b82ebccc8c8a36f2094e969560a1b836758481f3dc360ce9a3277c65f374285e", size = 244584, upload_time = "2024-11-27T22:38:17.645Z" },
    { url = "https://files.pythonhosted.org/packages/1c/9a/47c0449b98e6e7d1be6cbac02f93dd79003234ddc4aaab6ba07a9a7482e2/tomli-2.2.1-cp312-cp312-win32.whl", hash = "sha256:889f80ef92701b9dbb224e49ec87c645ce5df3fa2cc548664eb8a25e03127a98", size = 98875, upload_time = "2024-11-27T22:38:19.159Z" },
    { url = "https://files.pythonhosted.org/packages/ef/60/9b9638f081c6f1261e2688bd487625cd1e660d0a85bd469e91d8db969734/tomli-2.2.1-cp312-cp312-win_amd64.whl", hash = "sha256:7fc04e92e1d624a4a63c76474610238576942d6b8950a2d7f908a340494e67e4", size = 109418, upload_time = "2024-11-27T22:38:20.064Z" },
    { url = "https://files.pythonhosted.org/packages/04/90/2ee5f2e0362cb8a0b6499dc44f4d7d48f8fff06d28ba46e6f1eaa61a1388/tomli-2.2.1-cp313-cp313-macosx_10_13_x86_64.whl", hash = "sha256:f4039b9cbc3048b2416cc57ab3bda989a6fcf9b36cf8937f01a6e731b64f80d7", size = 132708, upload_time = "2024-11-27T22:38:21.659Z" },
    { url = "https://files.pythonhosted.org/packages/c0/ec/46b4108816de6b385141f082ba99e315501ccd0a2ea23db4a100dd3990ea/tomli-2.2.1-cp313-cp313-macosx_11_0_arm64.whl", hash = "sha256:286f0ca2ffeeb5b9bd4fcc8d6c330534323ec51b2f52da063b11c502da16f30c", size = 123582, upload_time = "2024-11-27T22:38:22.693Z" },
    { url = "https://files.pythonhosted.org/packages/a0/bd/b470466d0137b37b68d24556c38a0cc819e8febe392d5b199dcd7f578365/tomli-2.2.1-cp313-cp313-manylinux_2_17_aarch64.manylinux2014_aarch64.whl", hash = "sha256:a92ef1a44547e894e2a17d24e7557a5e85a9e1d0048b0b5e7541f76c5032cb13", size = 232543, upload_time = "2024-11-27T22:38:24.367Z" },
    { url = "https://files.pythonhosted.org/packages/d9/e5/82e80ff3b751373f7cead2815bcbe2d51c895b3c990686741a8e56ec42ab/tomli-2.2.1-cp313-cp313-manylinux_2_17_x86_64.manylinux2014_x86_64.whl", hash = "sha256:9316dc65bed1684c9a98ee68759ceaed29d229e985297003e494aa825ebb0281", size = 241691, upload_time = "2024-11-27T22:38:26.081Z" },
    { url = "https://files.pythonhosted.org/packages/05/7e/2a110bc2713557d6a1bfb06af23dd01e7dde52b6ee7dadc589868f9abfac/tomli-2.2.1-cp313-cp313-manylinux_2_5_i686.manylinux1_i686.manylinux_2_17_i686.manylinux2014_i686.whl", hash = "sha256:e85e99945e688e32d5a35c1ff38ed0b3f41f43fad8df0bdf79f72b2ba7bc5272", size = 251170, upload_time = "2024-11-27T22:38:27.921Z" },
    { url = "https://files.pythonhosted.org/packages/64/7b/22d713946efe00e0adbcdfd6d1aa119ae03fd0b60ebed51ebb3fa9f5a2e5/tomli-2.2.1-cp313-cp313-musllinux_1_2_aarch64.whl", hash = "sha256:ac065718db92ca818f8d6141b5f66369833d4a80a9d74435a268c52bdfa73140", size = 236530, upload_time = "2024-11-27T22:38:29.591Z" },
    { url = "https://files.pythonhosted.org/packages/38/31/3a76f67da4b0cf37b742ca76beaf819dca0ebef26d78fc794a576e08accf/tomli-2.2.1-cp313-cp313-musllinux_1_2_i686.whl", hash = "sha256:d920f33822747519673ee656a4b6ac33e382eca9d331c87770faa3eef562aeb2", size = 258666, upload_time = "2024-11-27T22:38:30.639Z" },
    { url = "https://files.pythonhosted.org/packages/07/10/5af1293da642aded87e8a988753945d0cf7e00a9452d3911dd3bb354c9e2/tomli-2.2.1-cp313-cp313-musllinux_1_2_x86_64.whl", hash = "sha256:a198f10c4d1b1375d7687bc25294306e551bf1abfa4eace6650070a5c1ae2744", size = 243954, upload_time = "2024-11-27T22:38:31.702Z" },
    { url = "https://files.pythonhosted.org/packages/5b/b9/1ed31d167be802da0fc95020d04cd27b7d7065cc6fbefdd2f9186f60d7bd/tomli-2.2.1-cp313-cp313-win32.whl", hash = "sha256:d3f5614314d758649ab2ab3a62d4f2004c825922f9e370b29416484086b264ec", size = 98724, upload_time = "2024-11-27T22:38:32.837Z" },
    { url = "https://files.pythonhosted.org/packages/c7/32/b0963458706accd9afcfeb867c0f9175a741bf7b19cd424230714d722198/tomli-2.2.1-cp313-cp313-win_amd64.whl", hash = "sha256:a38aa0308e754b0e3c67e344754dff64999ff9b513e691d0e786265c93583c69", size = 109383, upload_time = "2024-11-27T22:38:34.455Z" },
    { url = "https://files.pythonhosted.org/packages/6e/c2/61d3e0f47e2b74ef40a68b9e6ad5984f6241a942f7cd3bbfbdbd03861ea9/tomli-2.2.1-py3-none-any.whl", hash = "sha256:cb55c73c5f4408779d0cf3eef9f762b9c9f147a77de7b258bef0a5628adc85cc", size = 14257, upload_time = "2024-11-27T22:38:35.385Z" },
]
